hash: 90d2cf1560a9ce3b28b21ddb28a477dc87b67cbcff159e936b9ab5179f7c5c72
updated: 2017-08-12T14:25:47.477858532+02:00
imports:
- name: github.com/bboortz/go-utils
  version: 419d3ee9697518d37998ab12aef5a81a11040cdb
  subpackages:
  - logger
  - slices
  - stack
  - stacks
- name: github.com/op/go-logging
  version: b2cb9fa56473e98db8caba80237377e83fe44db5
testImports:
- name: github.com/davecgh/go-spew
  version: 6d212800a42e8ab5c146b8ace3490ee17e5225f9
  subpackages:
  - spew
- name: github.com/pmezard/go-difflib
  version: d8ed2627bdf02c080bf22230dbb337003b7aba2d
  subpackages:
  - difflib
- name: github.com/stretchr/testify
  version: 69483b4bd14f5845b5a1e55bca19e954e827f1d0
  subpackages:
  - assert
