hash: 40c2f9a01a9cfa74599a12d92ce8a38e7831ac94f1913faf7c46b8968e5c202a
updated: 2017-08-12T18:41:32.837344715+02:00
imports:
- name: github.com/bboortz/go-utils
  version: 419d3ee9697518d37998ab12aef5a81a11040cdb
  subpackages:
  - logger
  - slices
  - stack
- name: github.com/op/go-logging
  version: b2cb9fa56473e98db8caba80237377e83fe44db5
testImports:
- name: github.com/davecgh/go-spew
  version: 6d212800a42e8ab5c146b8ace3490ee17e5225f9
  subpackages:
  - spew
- name: github.com/pmezard/go-difflib
  version: d8ed2627bdf02c080bf22230dbb337003b7aba2d
  subpackages:
  - difflib
- name: github.com/stretchr/testify
  version: 69483b4bd14f5845b5a1e55bca19e954e827f1d0
  subpackages:
  - assert
